
Microsoft Visual Studio Solution File, Format Version 12.00
# Visual Studio Version 17
VisualStudioVersion = 17.10.34928.147
MinimumVisualStudioVersion = 10.0.40219.1
Project("{FAE04EC0-301F-11D3-BF4B-00C04F79EFBC}") = "GB1", "GB1\GB1.csproj", "{BF1057B5-7574-4907-895F-957803B6E26A}"
EndProject
Global
	GlobalSection(SolutionConfigurationPlatforms) = preSolution
		Debug|Any CPU = Debug|Any CPU
		Release|Any CPU = Release|Any CPU
	EndGlobalSection
	GlobalSection(ProjectConfigurationPlatforms) = postSolution
		{BF1057B5-7574-4907-895F-957803B6E26A}.Debug|Any CPU.ActiveCfg = Debug|Any CPU
		{BF1057B5-7574-4907-895F-957803B6E26A}.Debug|Any CPU.Build.0 = Debug|Any CPU
		{BF1057B5-7574-4907-895F-957803B6E26A}.Release|Any CPU.ActiveCfg = Release|Any CPU
		{BF1057B5-7574-4907-895F-957803B6E26A}.Release|Any CPU.Build.0 = Release|Any CPU
	EndGlobalSection
	GlobalSection(SolutionProperties) = preSolution
		HideSolutionNode = FALSE
	EndGlobalSection
	GlobalSection(ExtensibilityGlobals) = postSolution
		SolutionGuid = {A291237C-4828-4980-AEDA-A3B296F92CEE}
	EndGlobalSection
EndGlobal
